
Microsoft Visual Studio Solution File, Format Version 12.00
# Visual Studio 15
VisualStudioVersion = 15.0.28307.136
MinimumVisualStudioVersion = 10.0.40219.1
Project("{FAE04EC0-301F-11D3-BF4B-00C04F79EFBC}") = "IsraelTorres_CE09", "IsraelTorres_CE09\IsraelTorres_CE09.csproj", "{3B4EA402-3A96-4B8B-AD6B-BE525B1871EB}"
EndProject
Global
	GlobalSection(SolutionConfigurationPlatforms) = preSolution
		Debug|Any CPU = Debug|Any CPU
		Release|Any CPU = Release|Any CPU
	EndGlobalSection
	GlobalSection(ProjectConfigurationPlatforms) = postSolution
		{3B4EA402-3A96-4B8B-AD6B-BE525B1871EB}.Debug|Any CPU.ActiveCfg = Debug|Any CPU
		{3B4EA402-3A96-4B8B-AD6B-BE525B1871EB}.Debug|Any CPU.Build.0 = Debug|Any CPU
		{3B4EA402-3A96-4B8B-AD6B-BE525B1871EB}.Release|Any CPU.ActiveCfg = Release|Any CPU
		{3B4EA402-3A96-4B8B-AD6B-BE525B1871EB}.Release|Any CPU.Build.0 = Release|Any CPU
	EndGlobalSection
	GlobalSection(SolutionProperties) = preSolution
		HideSolutionNode = FALSE
	EndGlobalSection
	GlobalSection(ExtensibilityGlobals) = postSolution
		SolutionGuid = {5BCE77BD-E79D-4D27-AB85-D97DE1FAE1A9}
	EndGlobalSection
EndGlobal
